
Microsoft Visual Studio Solution File, Format Version 12.00
# Visual Studio Version 17
VisualStudioVersion = 17.9.34728.123
MinimumVisualStudioVersion = 10.0.40219.1
Project("{FAE04EC0-301F-11D3-BF4B-00C04F79EFBC}") = "BasketballSimulator", "BasketballSimulator\BasketballSimulator.csproj", "{07CA52A5-3E11-4B21-AE0D-F11C83A7DB01}"
EndProject
Global
	GlobalSection(SolutionConfigurationPlatforms) = preSolution
		Debug|Any CPU = Debug|Any CPU
		Release|Any CPU = Release|Any CPU
	EndGlobalSection
	GlobalSection(ProjectConfigurationPlatforms) = postSolution
		{07CA52A5-3E11-4B21-AE0D-F11C83A7DB01}.Debug|Any CPU.ActiveCfg = Debug|Any CPU
		{07CA52A5-3E11-4B21-AE0D-F11C83A7DB01}.Debug|Any CPU.Build.0 = Debug|Any CPU
		{07CA52A5-3E11-4B21-AE0D-F11C83A7DB01}.Release|Any CPU.ActiveCfg = Release|Any CPU
		{07CA52A5-3E11-4B21-AE0D-F11C83A7DB01}.Release|Any CPU.Build.0 = Release|Any CPU
	EndGlobalSection
	GlobalSection(SolutionProperties) = preSolution
		HideSolutionNode = FALSE
	EndGlobalSection
	GlobalSection(ExtensibilityGlobals) = postSolution
		SolutionGuid = {CD6A559D-E0C9-4F15-9217-1728AF0F748F}
	EndGlobalSection
EndGlobal
